
Microsoft Visual Studio Solution File, Format Version 12.00
# Visual Studio Version 16
VisualStudioVersion = 16.0.31402.337
MinimumVisualStudioVersion = 10.0.40219.1
Project("{FAE04EC0-301F-11D3-BF4B-00C04F79EFBC}") = "Exercise2", "Exercise2\Exercise2.csproj", "{AA2FFB66-35BB-4A43-A23A-5FEB06E98694}"
EndProject
Global
	GlobalSection(SolutionConfigurationPlatforms) = preSolution
		Debug|Any CPU = Debug|Any CPU
		Release|Any CPU = Release|Any CPU
	EndGlobalSection
	GlobalSection(ProjectConfigurationPlatforms) = postSolution
		{AA2FFB66-35BB-4A43-A23A-5FEB06E98694}.Debug|Any CPU.ActiveCfg = Debug|Any CPU
		{AA2FFB66-35BB-4A43-A23A-5FEB06E98694}.Debug|Any CPU.Build.0 = Debug|Any CPU
		{AA2FFB66-35BB-4A43-A23A-5FEB06E98694}.Release|Any CPU.ActiveCfg = Release|Any CPU
		{AA2FFB66-35BB-4A43-A23A-5FEB06E98694}.Release|Any CPU.Build.0 = Release|Any CPU
	EndGlobalSection
	GlobalSection(SolutionProperties) = preSolution
		HideSolutionNode = FALSE
	EndGlobalSection
	GlobalSection(ExtensibilityGlobals) = postSolution
		SolutionGuid = {948021F4-51E3-40A2-AA0D-0A04D96E6FF9}
	EndGlobalSection
EndGlobal
